{
  "version": 4,
  "terraform_version": "1.10.3",
  "serial": 1,
  "lineage": "e10efab6-adf0-70cc-7fc6-a141f8581612",
  "outputs": {},
  "resources": [
    {
      "mode": "managed",
      "type": "aws_vpc",
      "name": "main",
      "provider": "provider[\"registry.terraform.io/hashicorp/aws\"]",
      "instances": [
        {
          "schema_version": 1,
          "attributes": {
            "arn": "arn:aws:ec2:us-east-1:524070189113:vpc/vpc-090f8e8c7761b120c",
            "assign_generated_ipv6_cidr_block": false,
            "cidr_block": "10.10.0.0/16",
            "default_network_acl_id": "acl-0285b3367673130ad",
            "default_route_table_id": "rtb-0d0cef331e41cdc08",
            "default_security_group_id": "sg-0ccf45a196a2b7a25",
            "dhcp_options_id": "dopt-0fb9a8f695238c5e1",
            "enable_dns_hostnames": false,
            "enable_dns_support": true,
            "enable_network_address_usage_metrics": false,
            "id": "vpc-090f8e8c7761b120c",
            "instance_tenancy": "default",
            "ipv4_ipam_pool_id": null,
            "ipv4_netmask_length": null,
            "ipv6_association_id": "",
            "ipv6_cidr_block": "",
            "ipv6_cidr_block_network_border_group": "",
            "ipv6_ipam_pool_id": "",
            "ipv6_netmask_length": 0,
            "main_route_table_id": "rtb-0d0cef331e41cdc08",
            "owner_id": "524070189113",
            "tags": {
              "Name": "cyberrange-vpc"
            },
            "tags_all": {
              "Name": "cyberrange-vpc"
            }
          },
          "sensitive_attributes": [],
          "private": "eyJzY2hlbWFfdmVyc2lvbiI6IjEifQ=="
        }
      ]
    }
  ],
  "check_results": null
}
